Microsoft Visual Studio Solution File, Format Version 11.00
# Visual Studio 2008

Project("{D7116276-2BDB-456E-AC50-A482D27457F6}") = "Boss-Revenge", "Assembly-CSharp-firstpass-vs.csproj", "{5B64F6B6-6B7F-D188-0A58-699683772CAB}"
EndProject
Project("{D7116276-2BDB-456E-AC50-A482D27457F6}") = "Boss-Revenge", "Assembly-CSharp-vs.csproj", "{8F9542FD-88A8-51DD-6DD8-035B0343020F}"
EndProject
Project("{D7116276-2BDB-456E-AC50-A482D27457F6}") = "Boss-Revenge", "Assembly-CSharp-Editor-vs.csproj", "{A3415B0A-775B-44BB-70EF-D489825FC453}"
EndProject
Global
	GlobalSection(SolutionConfigurationPlatforms) = preSolution
		Debug|Any CPU = Debug|Any CPU
		Release|Any CPU = Release|Any CPU
	EndGlobalSection
	GlobalSection(ProjectConfigurationPlatforms) = postSolution
		{5B64F6B6-6B7F-D188-0A58-699683772CAB}.Debug|Any CPU.ActiveCfg = Debug|Any CPU
		{5B64F6B6-6B7F-D188-0A58-699683772CAB}.Debug|Any CPU.Build.0 = Debug|Any CPU
		{5B64F6B6-6B7F-D188-0A58-699683772CAB}.Release|Any CPU.ActiveCfg = Release|Any CPU
		{5B64F6B6-6B7F-D188-0A58-699683772CAB}.Release|Any CPU.Build.0 = Release|Any CPU
		{8F9542FD-88A8-51DD-6DD8-035B0343020F}.Debug|Any CPU.ActiveCfg = Debug|Any CPU
		{8F9542FD-88A8-51DD-6DD8-035B0343020F}.Debug|Any CPU.Build.0 = Debug|Any CPU
		{8F9542FD-88A8-51DD-6DD8-035B0343020F}.Release|Any CPU.ActiveCfg = Release|Any CPU
		{8F9542FD-88A8-51DD-6DD8-035B0343020F}.Release|Any CPU.Build.0 = Release|Any CPU
		{A3415B0A-775B-44BB-70EF-D489825FC453}.Debug|Any CPU.ActiveCfg = Debug|Any CPU
		{A3415B0A-775B-44BB-70EF-D489825FC453}.Debug|Any CPU.Build.0 = Debug|Any CPU
		{A3415B0A-775B-44BB-70EF-D489825FC453}.Release|Any CPU.ActiveCfg = Release|Any CPU
		{A3415B0A-775B-44BB-70EF-D489825FC453}.Release|Any CPU.Build.0 = Release|Any CPU
	EndGlobalSection
	GlobalSection(SolutionProperties) = preSolution
		HideSolutionNode = FALSE
	EndGlobalSection
																																																																																			GlobalSection(MonoDevelopProperties) = preSolution
=======
																																																											GlobalSection(MonoDevelopProperties) = preSolution
>>>>>>> origin/master
		StartupItem = Assembly-CSharp.csproj
		Policies = $0
		$0.TextStylePolicy = $1
		$1.inheritsSet = null
		$1.scope = text/x-csharp
		$0.CSharpFormattingPolicy = $2
		$2.inheritsSet = Mono
		$2.inheritsScope = text/x-csharp
		$2.scope = text/x-csharp
		$0.TextStylePolicy = $3
		$3.FileWidth = 120
		$3.TabWidth = 4
		$3.IndentWidth = 4
		$3.EolMarker = Unix
		$3.inheritsSet = Mono
		$3.inheritsScope = text/plain
		$3.scope = text/plain
	EndGlobalSection

EndGlobal
